
Microsoft Visual Studio Solution File, Format Version 12.00
# Visual Studio Version 16
VisualStudioVersion = 16.0.30804.86
MinimumVisualStudioVersion = 10.0.40219.1
Project("{FAE04EC0-301F-11D3-BF4B-00C04F79EFBC}") = "Generics02", "Generics02\Generics02.csproj", "{714C4E8D-D28C-4A68-9764-2FF61B623B67}"
EndProject
Global
	GlobalSection(SolutionConfigurationPlatforms) = preSolution
		Debug|Any CPU = Debug|Any CPU
		Release|Any CPU = Release|Any CPU
	EndGlobalSection
	GlobalSection(ProjectConfigurationPlatforms) = postSolution
		{714C4E8D-D28C-4A68-9764-2FF61B623B67}.Debug|Any CPU.ActiveCfg = Debug|Any CPU
		{714C4E8D-D28C-4A68-9764-2FF61B623B67}.Debug|Any CPU.Build.0 = Debug|Any CPU
		{714C4E8D-D28C-4A68-9764-2FF61B623B67}.Release|Any CPU.ActiveCfg = Release|Any CPU
		{714C4E8D-D28C-4A68-9764-2FF61B623B67}.Release|Any CPU.Build.0 = Release|Any CPU
	EndGlobalSection
	GlobalSection(SolutionProperties) = preSolution
		HideSolutionNode = FALSE
	EndGlobalSection
	GlobalSection(ExtensibilityGlobals) = postSolution
		SolutionGuid = {69B516CE-0042-47A4-A8AD-DBEF85E470C5}
	EndGlobalSection
EndGlobal
